
Microsoft Visual Studio Solution File, Format Version 12.00
# Visual Studio Version 17
VisualStudioVersion = 17.14.36518.9 d17.14
MinimumVisualStudioVersion = 10.0.40219.1
Project("{FAE04EC0-301F-11D3-BF4B-00C04F79EFBC}") = "TAR1_VENTANASNAV_AREAS", "TAR1_VENTANASNAV_AREAS.csproj", "{68F74E34-1F89-492E-9016-9EB0DBA83320}"
EndProject
Global
	GlobalSection(SolutionConfigurationPlatforms) = preSolution
		Debug|Any CPU = Debug|Any CPU
		Release|Any CPU = Release|Any CPU
	EndGlobalSection
	GlobalSection(ProjectConfigurationPlatforms) = postSolution
		{68F74E34-1F89-492E-9016-9EB0DBA83320}.Debug|Any CPU.ActiveCfg = Debug|Any CPU
		{68F74E34-1F89-492E-9016-9EB0DBA83320}.Debug|Any CPU.Build.0 = Debug|Any CPU
		{68F74E34-1F89-492E-9016-9EB0DBA83320}.Release|Any CPU.ActiveCfg = Release|Any CPU
		{68F74E34-1F89-492E-9016-9EB0DBA83320}.Release|Any CPU.Build.0 = Release|Any CPU
	EndGlobalSection
	GlobalSection(SolutionProperties) = preSolution
		HideSolutionNode = FALSE
	EndGlobalSection
	GlobalSection(ExtensibilityGlobals) = postSolution
		SolutionGuid = {F0A01C08-5E20-4938-B18D-16A30F734538}
	EndGlobalSection
EndGlobal
