
Microsoft Visual Studio Solution File, Format Version 12.00
# Visual Studio Version 17
VisualStudioVersion = 17.14.36518.9 d17.14
MinimumVisualStudioVersion = 10.0.40219.1
Project("{FAE04EC0-301F-11D3-BF4B-00C04F79EFBC}") = "TAR2_P2_ALGORITMOS_GRAFICA", "TAR2_P2_ALGORITMOS_GRAFICA.csproj", "{018D5911-9A31-4BEA-804D-48C312A89998}"
EndProject
Global
	GlobalSection(SolutionConfigurationPlatforms) = preSolution
		Debug|Any CPU = Debug|Any CPU
		Release|Any CPU = Release|Any CPU
	EndGlobalSection
	GlobalSection(ProjectConfigurationPlatforms) = postSolution
		{018D5911-9A31-4BEA-804D-48C312A89998}.Debug|Any CPU.ActiveCfg = Debug|Any CPU
		{018D5911-9A31-4BEA-804D-48C312A89998}.Debug|Any CPU.Build.0 = Debug|Any CPU
		{018D5911-9A31-4BEA-804D-48C312A89998}.Release|Any CPU.ActiveCfg = Release|Any CPU
		{018D5911-9A31-4BEA-804D-48C312A89998}.Release|Any CPU.Build.0 = Release|Any CPU
	EndGlobalSection
	GlobalSection(SolutionProperties) = preSolution
		HideSolutionNode = FALSE
	EndGlobalSection
	GlobalSection(ExtensibilityGlobals) = postSolution
		SolutionGuid = {51BFD9D0-0BAD-48E1-819A-827C32082F37}
	EndGlobalSection
EndGlobal
